{
    "_readme": [
        "This file locks the dependencies of your project to a known state",
        "Read more about it at http://getcomposer.org/doc/01-basic-usage.md#composer-lock-the-lock-file",
        "This file is @generated automatically"
    ],
    "hash": "bbb81728ab585efb3f2a5c15d819242b",
    "packages": [
        {
            "name": "cron/cron",
            "version": "dev-master",
            "source": {
                "type": "git",
                "url": "https://github.com/Cron/Cron.git",
                "reference": "9a7faf576a98ca6ce4b6408c222ed67dc7de8de4"
            },
            "dist": {
                "type": "zip",
                "url": "https://api.github.com/repos/Cron/Cron/zipball/9a7faf576a98ca6ce4b6408c222ed67dc7de8de4",
                "reference": "9a7faf576a98ca6ce4b6408c222ed67dc7de8de4",
                "shasum": ""
            },
            "require": {
                "php": ">=5.3.0",
                "symfony/process": "~2.4"
            },
            "require-dev": {
                "phpunit/phpunit": "~4.0"
            },
            "type": "library",
            "extra": {
                "branch-alias": {
                    "dev-master": "1.0-dev"
                }
            },
            "autoload": {
                "psr-0": {
                    "Cron": "src/"
                }
            },
            "notification-url": "https://packagist.org/downloads/",
            "license": [
                "MIT"
            ],
            "authors": [
                {
                    "name": "Dries De Peuter",
                    "email": "dries@nousefreak.be"
                }
            ],
            "description": "Cronjobs",
            "time": "2014-08-02 10:39:44"
        },
        {
            "name": "symfony/process",
            "version": "v2.5.6",
            "target-dir": "Symfony/Component/Process",
            "source": {
                "type": "git",
                "url": "https://github.com/symfony/Process.git",
                "reference": "9bbacbb3a7a27b17c0d51e2f126f59e0e588ad3a"
            },
            "dist": {
                "type": "zip",
                "url": "https://api.github.com/repos/symfony/Process/zipball/9bbacbb3a7a27b17c0d51e2f126f59e0e588ad3a",
                "reference": "9bbacbb3a7a27b17c0d51e2f126f59e0e588ad3a",
                "shasum": ""
            },
            "require": {
                "php": ">=5.3.3"
            },
            "type": "library",
            "extra": {
                "branch-alias": {
                    "dev-master": "2.5-dev"
                }
            },
            "autoload": {
                "psr-0": {
                    "Symfony\\Component\\Process\\": ""
                }
            },
            "notification-url": "https://packagist.org/downloads/",
            "license": [
                "MIT"
            ],
            "authors": [
                {
                    "name": "Symfony Community",
                    "homepage": "http://symfony.com/contributors"
                },
                {
                    "name": "Fabien Potencier",
                    "email": "fabien@symfony.com"
                }
            ],
            "description": "Symfony Process Component",
            "homepage": "http://symfony.com",
            "time": "2014-10-01 05:50:18"
        }
    ],
    "packages-dev": [],
    "aliases": [],
    "minimum-stability": "stable",
    "stability-flags": {
        "cron/cron": 20
    },
    "prefer-stable": false,
    "platform": [],
    "platform-dev": []
}
